
Microsoft Visual Studio Solution File, Format Version 12.00
# Visual Studio Version 16
VisualStudioVersion = 16.0.30804.86
MinimumVisualStudioVersion = 10.0.40219.1
Project("{9A19103F-16F7-4668-BE54-9A1E7A4F7556}") = "PhotoStudio", "PhotoStudio\PhotoStudio.csproj", "{B801D4AA-64FA-41CC-87D0-D3CCC3E9FB75}"
EndProject
Project("{9A19103F-16F7-4668-BE54-9A1E7A4F7556}") = "PhotoStudio.Data", "PhotoStudio.Model\PhotoStudio.Data.csproj", "{234C2033-A4CB-4A74-BEB6-ABADEB9E2EE6}"
EndProject
Project("{2150E333-8FDC-42A3-9474-1A3956D46DE8}") = "UI", "UI", "{AF113582-80DC-41B5-B2B4-48FCEE4DAD61}"
EndProject
Project("{FAE04EC0-301F-11D3-BF4B-00C04F79EFBC}") = "PhotoStudio.WinUI", "PhotoStudio.WinUI\PhotoStudio.WinUI.csproj", "{1CED9813-87EA-416C-AE3E-F3B5E84AFA8F}"
EndProject
Project("{2150E333-8FDC-42A3-9474-1A3956D46DE8}") = "UI.Mobile", "UI.Mobile", "{5E619F60-845D-47EA-B16F-5F5180014FAD}"
EndProject
Project("{FAE04EC0-301F-11D3-BF4B-00C04F79EFBC}") = "PhotoStudio.MobileApp.UWP", "PhotoStudio.MobileApp\PhotoStudio.MobileApp.UWP\PhotoStudio.MobileApp.UWP.csproj", "{541FFD84-CDF6-40FA-B4A2-DEE5CE2B98CA}"
EndProject
Project("{FAE04EC0-301F-11D3-BF4B-00C04F79EFBC}") = "PhotoStudio.MobileApp.Android", "PhotoStudio.MobileApp\PhotoStudio.MobileApp.Android\PhotoStudio.MobileApp.Android.csproj", "{74545D3C-FFF1-4957-BCAD-15C47C2E1212}"
EndProject
Project("{FAE04EC0-301F-11D3-BF4B-00C04F79EFBC}") = "PhotoStudio.MobileApp.iOS", "PhotoStudio.MobileApp\PhotoStudio.MobileApp.iOS\PhotoStudio.MobileApp.iOS.csproj", "{610F332B-F3A2-4163-A7EC-ECE3F10D0556}"
EndProject
Project("{9A19103F-16F7-4668-BE54-9A1E7A4F7556}") = "PhotoStudio.MobileApp", "PhotoStudio.MobileApp\PhotoStudio.MobileApp\PhotoStudio.MobileApp.csproj", "{91EA57D1-A890-41EA-90CA-BC8F833B597F}"
EndProject
Project("{2150E333-8FDC-42A3-9474-1A3956D46DE8}") = "Solution Items", "Solution Items", "{21421524-6CAF-4E88-A610-798F2702AB68}"
	ProjectSection(SolutionItems) = preProject
		.editorconfig = .editorconfig
	EndProjectSection
EndProject
Global
	GlobalSection(SolutionConfigurationPlatforms) = preSolution
		Debug|Any CPU = Debug|Any CPU
		Debug|ARM = Debug|ARM
		Debug|iPhone = Debug|iPhone
		Debug|iPhoneSimulator = Debug|iPhoneSimulator
		Debug|x64 = Debug|x64
		Debug|x86 = Debug|x86
		Release|Any CPU = Release|Any CPU
		Release|ARM = Release|ARM
		Release|iPhone = Release|iPhone
		Release|iPhoneSimulator = Release|iPhoneSimulator
		Release|x64 = Release|x64
		Release|x86 = Release|x86
	EndGlobalSection
	GlobalSection(ProjectConfigurationPlatforms) = postSolution
		{B801D4AA-64FA-41CC-87D0-D3CCC3E9FB75}.Debug|Any CPU.ActiveCfg = Debug|Any CPU
		{B801D4AA-64FA-41CC-87D0-D3CCC3E9FB75}.Debug|Any CPU.Build.0 = Debug|Any CPU
		{B801D4AA-64FA-41CC-87D0-D3CCC3E9FB75}.Debug|ARM.ActiveCfg = Debug|Any CPU
		{B801D4AA-64FA-41CC-87D0-D3CCC3E9FB75}.Debug|ARM.Build.0 = Debug|Any CPU
		{B801D4AA-64FA-41CC-87D0-D3CCC3E9FB75}.Debug|iPhone.ActiveCfg = Debug|Any CPU
		{B801D4AA-64FA-41CC-87D0-D3CCC3E9FB75}.Debug|iPhone.Build.0 = Debug|Any CPU
		{B801D4AA-64FA-41CC-87D0-D3CCC3E9FB75}.Debug|iPhoneSimulator.ActiveCfg = Debug|Any CPU
		{B801D4AA-64FA-41CC-87D0-D3CCC3E9FB75}.Debug|iPhoneSimulator.Build.0 = Debug|Any CPU
		{B801D4AA-64FA-41CC-87D0-D3CCC3E9FB75}.Debug|x64.ActiveCfg = Debug|Any CPU
		{B801D4AA-64FA-41CC-87D0-D3CCC3E9FB75}.Debug|x64.Build.0 = Debug|Any CPU
		{B801D4AA-64FA-41CC-87D0-D3CCC3E9FB75}.Debug|x86.ActiveCfg = Debug|Any CPU
		{B801D4AA-64FA-41CC-87D0-D3CCC3E9FB75}.Debug|x86.Build.0 = Debug|Any CPU
		{B801D4AA-64FA-41CC-87D0-D3CCC3E9FB75}.Release|Any CPU.ActiveCfg = Release|Any CPU
		{B801D4AA-64FA-41CC-87D0-D3CCC3E9FB75}.Release|Any CPU.Build.0 = Release|Any CPU
		{B801D4AA-64FA-41CC-87D0-D3CCC3E9FB75}.Release|ARM.ActiveCfg = Release|Any CPU
		{B801D4AA-64FA-41CC-87D0-D3CCC3E9FB75}.Release|ARM.Build.0 = Release|Any CPU
		{B801D4AA-64FA-41CC-87D0-D3CCC3E9FB75}.Release|iPhone.ActiveCfg = Release|Any CPU
		{B801D4AA-64FA-41CC-87D0-D3CCC3E9FB75}.Release|iPhone.Build.0 = Release|Any CPU
		{B801D4AA-64FA-41CC-87D0-D3CCC3E9FB75}.Release|iPhoneSimulator.ActiveCfg = Release|Any CPU
		{B801D4AA-64FA-41CC-87D0-D3CCC3E9FB75}.Release|iPhoneSimulator.Build.0 = Release|Any CPU
		{B801D4AA-64FA-41CC-87D0-D3CCC3E9FB75}.Release|x64.ActiveCfg = Release|Any CPU
		{B801D4AA-64FA-41CC-87D0-D3CCC3E9FB75}.Release|x64.Build.0 = Release|Any CPU
		{B801D4AA-64FA-41CC-87D0-D3CCC3E9FB75}.Release|x86.ActiveCfg = Release|Any CPU
		{B801D4AA-64FA-41CC-87D0-D3CCC3E9FB75}.Release|x86.Build.0 = Release|Any CPU
		{234C2033-A4CB-4A74-BEB6-ABADEB9E2EE6}.Debug|Any CPU.ActiveCfg = Debug|Any CPU
		{234C2033-A4CB-4A74-BEB6-ABADEB9E2EE6}.Debug|Any CPU.Build.0 = Debug|Any CPU
		{234C2033-A4CB-4A74-BEB6-ABADEB9E2EE6}.Debug|ARM.ActiveCfg = Debug|Any CPU
		{234C2033-A4CB-4A74-BEB6-ABADEB9E2EE6}.Debug|ARM.Build.0 = Debug|Any CPU
		{234C2033-A4CB-4A74-BEB6-ABADEB9E2EE6}.Debug|iPhone.ActiveCfg = Debug|Any CPU
		{234C2033-A4CB-4A74-BEB6-ABADEB9E2EE6}.Debug|iPhone.Build.0 = Debug|Any CPU
		{234C2033-A4CB-4A74-BEB6-ABADEB9E2EE6}.Debug|iPhoneSimulator.ActiveCfg = Debug|Any CPU
		{234C2033-A4CB-4A74-BEB6-ABADEB9E2EE6}.Debug|iPhoneSimulator.Build.0 = Debug|Any CPU
		{234C2033-A4CB-4A74-BEB6-ABADEB9E2EE6}.Debug|x64.ActiveCfg = Debug|Any CPU
		{234C2033-A4CB-4A74-BEB6-ABADEB9E2EE6}.Debug|x64.Build.0 = Debug|Any CPU
		{234C2033-A4CB-4A74-BEB6-ABADEB9E2EE6}.Debug|x86.ActiveCfg = Debug|Any CPU
		{234C2033-A4CB-4A74-BEB6-ABADEB9E2EE6}.Debug|x86.Build.0 = Debug|Any CPU
		{234C2033-A4CB-4A74-BEB6-ABADEB9E2EE6}.Release|Any CPU.ActiveCfg = Release|Any CPU
		{234C2033-A4CB-4A74-BEB6-ABADEB9E2EE6}.Release|Any CPU.Build.0 = Release|Any CPU
		{234C2033-A4CB-4A74-BEB6-ABADEB9E2EE6}.Release|ARM.ActiveCfg = Release|Any CPU
		{234C2033-A4CB-4A74-BEB6-ABADEB9E2EE6}.Release|ARM.Build.0 = Release|Any CPU
		{234C2033-A4CB-4A74-BEB6-ABADEB9E2EE6}.Release|iPhone.ActiveCfg = Release|Any CPU
		{234C2033-A4CB-4A74-BEB6-ABADEB9E2EE6}.Release|iPhone.Build.0 = Release|Any CPU
		{234C2033-A4CB-4A74-BEB6-ABADEB9E2EE6}.Release|iPhoneSimulator.ActiveCfg = Release|Any CPU
		{234C2033-A4CB-4A74-BEB6-ABADEB9E2EE6}.Release|iPhoneSimulator.Build.0 = Release|Any CPU
		{234C2033-A4CB-4A74-BEB6-ABADEB9E2EE6}.Release|x64.ActiveCfg = Release|Any CPU
		{234C2033-A4CB-4A74-BEB6-ABADEB9E2EE6}.Release|x64.Build.0 = Release|Any CPU
		{234C2033-A4CB-4A74-BEB6-ABADEB9E2EE6}.Release|x86.ActiveCfg = Release|Any CPU
		{234C2033-A4CB-4A74-BEB6-ABADEB9E2EE6}.Release|x86.Build.0 = Release|Any CPU
		{1CED9813-87EA-416C-AE3E-F3B5E84AFA8F}.Debug|Any CPU.ActiveCfg = Debug|Any CPU
		{1CED9813-87EA-416C-AE3E-F3B5E84AFA8F}.Debug|Any CPU.Build.0 = Debug|Any CPU
		{1CED9813-87EA-416C-AE3E-F3B5E84AFA8F}.Debug|ARM.ActiveCfg = Debug|Any CPU
		{1CED9813-87EA-416C-AE3E-F3B5E84AFA8F}.Debug|ARM.Build.0 = Debug|Any CPU
		{1CED9813-87EA-416C-AE3E-F3B5E84AFA8F}.Debug|iPhone.ActiveCfg = Debug|Any CPU
		{1CED9813-87EA-416C-AE3E-F3B5E84AFA8F}.Debug|iPhone.Build.0 = Debug|Any CPU
		{1CED9813-87EA-416C-AE3E-F3B5E84AFA8F}.Debug|iPhoneSimulator.ActiveCfg = Debug|Any CPU
		{1CED9813-87EA-416C-AE3E-F3B5E84AFA8F}.Debug|iPhoneSimulator.Build.0 = Debug|Any CPU
		{1CED9813-87EA-416C-AE3E-F3B5E84AFA8F}.Debug|x64.ActiveCfg = Debug|Any CPU
		{1CED9813-87EA-416C-AE3E-F3B5E84AFA8F}.Debug|x64.Build.0 = Debug|Any CPU
		{1CED9813-87EA-416C-AE3E-F3B5E84AFA8F}.Debug|x86.ActiveCfg = Debug|Any CPU
		{1CED9813-87EA-416C-AE3E-F3B5E84AFA8F}.Debug|x86.Build.0 = Debug|Any CPU
		{1CED9813-87EA-416C-AE3E-F3B5E84AFA8F}.Release|Any CPU.ActiveCfg = Release|Any CPU
		{1CED9813-87EA-416C-AE3E-F3B5E84AFA8F}.Release|Any CPU.Build.0 = Release|Any CPU
		{1CED9813-87EA-416C-AE3E-F3B5E84AFA8F}.Release|ARM.ActiveCfg = Release|Any CPU
		{1CED9813-87EA-416C-AE3E-F3B5E84AFA8F}.Release|ARM.Build.0 = Release|Any CPU
		{1CED9813-87EA-416C-AE3E-F3B5E84AFA8F}.Release|iPhone.ActiveCfg = Release|Any CPU
		{1CED9813-87EA-416C-AE3E-F3B5E84AFA8F}.Release|iPhone.Build.0 = Release|Any CPU
		{1CED9813-87EA-416C-AE3E-F3B5E84AFA8F}.Release|iPhoneSimulator.ActiveCfg = Release|Any CPU
		{1CED9813-87EA-416C-AE3E-F3B5E84AFA8F}.Release|iPhoneSimulator.Build.0 = Release|Any CPU
		{1CED9813-87EA-416C-AE3E-F3B5E84AFA8F}.Release|x64.ActiveCfg = Release|Any CPU
		{1CED9813-87EA-416C-AE3E-F3B5E84AFA8F}.Release|x64.Build.0 = Release|Any CPU
		{1CED9813-87EA-416C-AE3E-F3B5E84AFA8F}.Release|x86.ActiveCfg = Release|Any CPU
		{1CED9813-87EA-416C-AE3E-F3B5E84AFA8F}.Release|x86.Build.0 = Release|Any CPU
		{541FFD84-CDF6-40FA-B4A2-DEE5CE2B98CA}.Debug|Any CPU.ActiveCfg = Debug|x86
		{541FFD84-CDF6-40FA-B4A2-DEE5CE2B98CA}.Debug|Any CPU.Build.0 = Debug|x86
		{541FFD84-CDF6-40FA-B4A2-DEE5CE2B98CA}.Debug|Any CPU.Deploy.0 = Debug|x86
		{541FFD84-CDF6-40FA-B4A2-DEE5CE2B98CA}.Debug|ARM.ActiveCfg = Debug|ARM
		{541FFD84-CDF6-40FA-B4A2-DEE5CE2B98CA}.Debug|ARM.Build.0 = Debug|ARM
		{541FFD84-CDF6-40FA-B4A2-DEE5CE2B98CA}.Debug|ARM.Deploy.0 = Debug|ARM
		{541FFD84-CDF6-40FA-B4A2-DEE5CE2B98CA}.Debug|iPhone.ActiveCfg = Debug|x86
		{541FFD84-CDF6-40FA-B4A2-DEE5CE2B98CA}.Debug|iPhoneSimulator.ActiveCfg = Debug|x86
		{541FFD84-CDF6-40FA-B4A2-DEE5CE2B98CA}.Debug|x64.ActiveCfg = Debug|x64
		{541FFD84-CDF6-40FA-B4A2-DEE5CE2B98CA}.Debug|x64.Build.0 = Debug|x64
		{541FFD84-CDF6-40FA-B4A2-DEE5CE2B98CA}.Debug|x64.Deploy.0 = Debug|x64
		{541FFD84-CDF6-40FA-B4A2-DEE5CE2B98CA}.Debug|x86.ActiveCfg = Debug|x86
		{541FFD84-CDF6-40FA-B4A2-DEE5CE2B98CA}.Debug|x86.Build.0 = Debug|x86
		{541FFD84-CDF6-40FA-B4A2-DEE5CE2B98CA}.Debug|x86.Deploy.0 = Debug|x86
		{541FFD84-CDF6-40FA-B4A2-DEE5CE2B98CA}.Release|Any CPU.ActiveCfg = Release|x86
		{541FFD84-CDF6-40FA-B4A2-DEE5CE2B98CA}.Release|ARM.ActiveCfg = Release|ARM
		{541FFD84-CDF6-40FA-B4A2-DEE5CE2B98CA}.Release|ARM.Build.0 = Release|ARM
		{541FFD84-CDF6-40FA-B4A2-DEE5CE2B98CA}.Release|ARM.Deploy.0 = Release|ARM
		{541FFD84-CDF6-40FA-B4A2-DEE5CE2B98CA}.Release|iPhone.ActiveCfg = Release|x86
		{541FFD84-CDF6-40FA-B4A2-DEE5CE2B98CA}.Release|iPhoneSimulator.ActiveCfg = Release|x86
		{541FFD84-CDF6-40FA-B4A2-DEE5CE2B98CA}.Release|x64.ActiveCfg = Release|x64
		{541FFD84-CDF6-40FA-B4A2-DEE5CE2B98CA}.Release|x64.Build.0 = Release|x64
		{541FFD84-CDF6-40FA-B4A2-DEE5CE2B98CA}.Release|x64.Deploy.0 = Release|x64
		{541FFD84-CDF6-40FA-B4A2-DEE5CE2B98CA}.Release|x86.ActiveCfg = Release|x86
		{541FFD84-CDF6-40FA-B4A2-DEE5CE2B98CA}.Release|x86.Build.0 = Release|x86
		{541FFD84-CDF6-40FA-B4A2-DEE5CE2B98CA}.Release|x86.Deploy.0 = Release|x86
		{74545D3C-FFF1-4957-BCAD-15C47C2E1212}.Debug|Any CPU.ActiveCfg = Debug|Any CPU
		{74545D3C-FFF1-4957-BCAD-15C47C2E1212}.Debug|Any CPU.Build.0 = Debug|Any CPU
		{74545D3C-FFF1-4957-BCAD-15C47C2E1212}.Debug|Any CPU.Deploy.0 = Debug|Any CPU
		{74545D3C-FFF1-4957-BCAD-15C47C2E1212}.Debug|ARM.ActiveCfg = Debug|Any CPU
		{74545D3C-FFF1-4957-BCAD-15C47C2E1212}.Debug|ARM.Build.0 = Debug|Any CPU
		{74545D3C-FFF1-4957-BCAD-15C47C2E1212}.Debug|ARM.Deploy.0 = Debug|Any CPU
		{74545D3C-FFF1-4957-BCAD-15C47C2E1212}.Debug|iPhone.ActiveCfg = Debug|Any CPU
		{74545D3C-FFF1-4957-BCAD-15C47C2E1212}.Debug|iPhone.Build.0 = Debug|Any CPU
		{74545D3C-FFF1-4957-BCAD-15C47C2E1212}.Debug|iPhone.Deploy.0 = Debug|Any CPU
		{74545D3C-FFF1-4957-BCAD-15C47C2E1212}.Debug|iPhoneSimulator.ActiveCfg = Debug|Any CPU
		{74545D3C-FFF1-4957-BCAD-15C47C2E1212}.Debug|iPhoneSimulator.Build.0 = Debug|Any CPU
		{74545D3C-FFF1-4957-BCAD-15C47C2E1212}.Debug|iPhoneSimulator.Deploy.0 = Debug|Any CPU
		{74545D3C-FFF1-4957-BCAD-15C47C2E1212}.Debug|x64.ActiveCfg = Debug|Any CPU
		{74545D3C-FFF1-4957-BCAD-15C47C2E1212}.Debug|x64.Build.0 = Debug|Any CPU
		{74545D3C-FFF1-4957-BCAD-15C47C2E1212}.Debug|x64.Deploy.0 = Debug|Any CPU
		{74545D3C-FFF1-4957-BCAD-15C47C2E1212}.Debug|x86.ActiveCfg = Debug|Any CPU
		{74545D3C-FFF1-4957-BCAD-15C47C2E1212}.Debug|x86.Build.0 = Debug|Any CPU
		{74545D3C-FFF1-4957-BCAD-15C47C2E1212}.Debug|x86.Deploy.0 = Debug|Any CPU
		{74545D3C-FFF1-4957-BCAD-15C47C2E1212}.Release|Any CPU.ActiveCfg = Release|Any CPU
		{74545D3C-FFF1-4957-BCAD-15C47C2E1212}.Release|Any CPU.Build.0 = Release|Any CPU
		{74545D3C-FFF1-4957-BCAD-15C47C2E1212}.Release|Any CPU.Deploy.0 = Release|Any CPU
		{74545D3C-FFF1-4957-BCAD-15C47C2E1212}.Release|ARM.ActiveCfg = Release|Any CPU
		{74545D3C-FFF1-4957-BCAD-15C47C2E1212}.Release|ARM.Build.0 = Release|Any CPU
		{74545D3C-FFF1-4957-BCAD-15C47C2E1212}.Release|ARM.Deploy.0 = Release|Any CPU
		{74545D3C-FFF1-4957-BCAD-15C47C2E1212}.Release|iPhone.ActiveCfg = Release|Any CPU
		{74545D3C-FFF1-4957-BCAD-15C47C2E1212}.Release|iPhone.Build.0 = Release|Any CPU
		{74545D3C-FFF1-4957-BCAD-15C47C2E1212}.Release|iPhone.Deploy.0 = Release|Any CPU
		{74545D3C-FFF1-4957-BCAD-15C47C2E1212}.Release|iPhoneSimulator.ActiveCfg = Release|Any CPU
		{74545D3C-FFF1-4957-BCAD-15C47C2E1212}.Release|iPhoneSimulator.Build.0 = Release|Any CPU
		{74545D3C-FFF1-4957-BCAD-15C47C2E1212}.Release|iPhoneSimulator.Deploy.0 = Release|Any CPU
		{74545D3C-FFF1-4957-BCAD-15C47C2E1212}.Release|x64.ActiveCfg = Release|Any CPU
		{74545D3C-FFF1-4957-BCAD-15C47C2E1212}.Release|x64.Build.0 = Release|Any CPU
		{74545D3C-FFF1-4957-BCAD-15C47C2E1212}.Release|x64.Deploy.0 = Release|Any CPU
		{74545D3C-FFF1-4957-BCAD-15C47C2E1212}.Release|x86.ActiveCfg = Release|Any CPU
		{74545D3C-FFF1-4957-BCAD-15C47C2E1212}.Release|x86.Build.0 = Release|Any CPU
		{74545D3C-FFF1-4957-BCAD-15C47C2E1212}.Release|x86.Deploy.0 = Release|Any CPU
		{610F332B-F3A2-4163-A7EC-ECE3F10D0556}.Debug|Any CPU.ActiveCfg = Debug|iPhoneSimulator
		{610F332B-F3A2-4163-A7EC-ECE3F10D0556}.Debug|ARM.ActiveCfg = Debug|iPhoneSimulator
		{610F332B-F3A2-4163-A7EC-ECE3F10D0556}.Debug|iPhone.ActiveCfg = Debug|iPhone
		{610F332B-F3A2-4163-A7EC-ECE3F10D0556}.Debug|iPhone.Build.0 = Debug|iPhone
		{610F332B-F3A2-4163-A7EC-ECE3F10D0556}.Debug|iPhoneSimulator.ActiveCfg = Debug|iPhoneSimulator
		{610F332B-F3A2-4163-A7EC-ECE3F10D0556}.Debug|iPhoneSimulator.Build.0 = Debug|iPhoneSimulator
		{610F332B-F3A2-4163-A7EC-ECE3F10D0556}.Debug|x64.ActiveCfg = Debug|iPhoneSimulator
		{610F332B-F3A2-4163-A7EC-ECE3F10D0556}.Debug|x86.ActiveCfg = Debug|iPhoneSimulator
		{610F332B-F3A2-4163-A7EC-ECE3F10D0556}.Release|Any CPU.ActiveCfg = Release|iPhoneSimulator
		{610F332B-F3A2-4163-A7EC-ECE3F10D0556}.Release|ARM.ActiveCfg = Release|iPhoneSimulator
		{610F332B-F3A2-4163-A7EC-ECE3F10D0556}.Release|iPhone.ActiveCfg = Release|iPhone
		{610F332B-F3A2-4163-A7EC-ECE3F10D0556}.Release|iPhone.Build.0 = Release|iPhone
		{610F332B-F3A2-4163-A7EC-ECE3F10D0556}.Release|iPhoneSimulator.ActiveCfg = Release|iPhoneSimulator
		{610F332B-F3A2-4163-A7EC-ECE3F10D0556}.Release|iPhoneSimulator.Build.0 = Release|iPhoneSimulator
		{610F332B-F3A2-4163-A7EC-ECE3F10D0556}.Release|x64.ActiveCfg = Release|iPhoneSimulator
		{610F332B-F3A2-4163-A7EC-ECE3F10D0556}.Release|x86.ActiveCfg = Release|iPhoneSimulator
		{91EA57D1-A890-41EA-90CA-BC8F833B597F}.Debug|Any CPU.ActiveCfg = Debug|Any CPU
		{91EA57D1-A890-41EA-90CA-BC8F833B597F}.Debug|Any CPU.Build.0 = Debug|Any CPU
		{91EA57D1-A890-41EA-90CA-BC8F833B597F}.Debug|ARM.ActiveCfg = Debug|Any CPU
		{91EA57D1-A890-41EA-90CA-BC8F833B597F}.Debug|ARM.Build.0 = Debug|Any CPU
		{91EA57D1-A890-41EA-90CA-BC8F833B597F}.Debug|iPhone.ActiveCfg = Debug|Any CPU
		{91EA57D1-A890-41EA-90CA-BC8F833B597F}.Debug|iPhone.Build.0 = Debug|Any CPU
		{91EA57D1-A890-41EA-90CA-BC8F833B597F}.Debug|iPhoneSimulator.ActiveCfg = Debug|Any CPU
		{91EA57D1-A890-41EA-90CA-BC8F833B597F}.Debug|iPhoneSimulator.Build.0 = Debug|Any CPU
		{91EA57D1-A890-41EA-90CA-BC8F833B597F}.Debug|x64.ActiveCfg = Debug|Any CPU
		{91EA57D1-A890-41EA-90CA-BC8F833B597F}.Debug|x64.Build.0 = Debug|Any CPU
		{91EA57D1-A890-41EA-90CA-BC8F833B597F}.Debug|x86.ActiveCfg = Debug|Any CPU
		{91EA57D1-A890-41EA-90CA-BC8F833B597F}.Debug|x86.Build.0 = Debug|Any CPU
		{91EA57D1-A890-41EA-90CA-BC8F833B597F}.Release|Any CPU.ActiveCfg = Release|Any CPU
		{91EA57D1-A890-41EA-90CA-BC8F833B597F}.Release|Any CPU.Build.0 = Release|Any CPU
		{91EA57D1-A890-41EA-90CA-BC8F833B597F}.Release|ARM.ActiveCfg = Release|Any CPU
		{91EA57D1-A890-41EA-90CA-BC8F833B597F}.Release|ARM.Build.0 = Release|Any CPU
		{91EA57D1-A890-41EA-90CA-BC8F833B597F}.Release|iPhone.ActiveCfg = Release|Any CPU
		{91EA57D1-A890-41EA-90CA-BC8F833B597F}.Release|iPhone.Build.0 = Release|Any CPU
		{91EA57D1-A890-41EA-90CA-BC8F833B597F}.Release|iPhoneSimulator.ActiveCfg = Release|Any CPU
		{91EA57D1-A890-41EA-90CA-BC8F833B597F}.Release|iPhoneSimulator.Build.0 = Release|Any CPU
		{91EA57D1-A890-41EA-90CA-BC8F833B597F}.Release|x64.ActiveCfg = Release|Any CPU
		{91EA57D1-A890-41EA-90CA-BC8F833B597F}.Release|x64.Build.0 = Release|Any CPU
		{91EA57D1-A890-41EA-90CA-BC8F833B597F}.Release|x86.ActiveCfg = Release|Any CPU
		{91EA57D1-A890-41EA-90CA-BC8F833B597F}.Release|x86.Build.0 = Release|Any CPU
	EndGlobalSection
	GlobalSection(SolutionProperties) = preSolution
		HideSolutionNode = FALSE
	EndGlobalSection
	GlobalSection(NestedProjects) = preSolution
		{1CED9813-87EA-416C-AE3E-F3B5E84AFA8F} = {AF113582-80DC-41B5-B2B4-48FCEE4DAD61}
		{5E619F60-845D-47EA-B16F-5F5180014FAD} = {AF113582-80DC-41B5-B2B4-48FCEE4DAD61}
		{541FFD84-CDF6-40FA-B4A2-DEE5CE2B98CA} = {5E619F60-845D-47EA-B16F-5F5180014FAD}
		{74545D3C-FFF1-4957-BCAD-15C47C2E1212} = {5E619F60-845D-47EA-B16F-5F5180014FAD}
		{610F332B-F3A2-4163-A7EC-ECE3F10D0556} = {5E619F60-845D-47EA-B16F-5F5180014FAD}
		{91EA57D1-A890-41EA-90CA-BC8F833B597F} = {5E619F60-845D-47EA-B16F-5F5180014FAD}
	EndGlobalSection
	GlobalSection(ExtensibilityGlobals) = postSolution
		SolutionGuid = {9B82A00A-0E8A-4EE9-9FF2-DBA857827BD9}
	EndGlobalSection
EndGlobal
